github.com/wowchemy/wowchemy-hugo-modules/wowchemy-cms/v5 v5.0.0-20220627140744-565e5a40ae8b h1:VVJAiqJ6MZHHwO/MyAkNHcxUJmDIW2lyPtYX9DSPgQA=
github.com/wowchemy/wowchemy-hugo-modules/wowchemy-cms/v5 v5.0.0-20220627140744-565e5a40ae8b/go.mod h1:Sp/AKo+2HAPi/IPHp1MEdKPmee+mzO5+efUBUPLPqPE=
github.com/wowchemy/wowchemy-hugo-modules/wowchemy/v5 v5.0.0-20220627140744-565e5a40ae8b h1:6ZjAUEvYD3zKfnQzFcuxHq5lcETfiMcmIowuq5jSP+w=
github.com/wowchemy/wowchemy-hugo-modules/wowchemy/v5 v5.0.0-20220627140744-565e5a40ae8b/go.mod h1:2iL9rdrUYyJXX2BeHKfK+QbqZlubCsaR60nQ87NRQTY=
