github.com/wowchemy/wowchemy-hugo-modules/wowchemy-cms/v5 v5.0.0-20220325140950-3ee572954ab1 h1:igf4IiG7AeUUttvLh6M9qJ5+s5UxBB5EL4l5+15sq+o=
github.com/wowchemy/wowchemy-hugo-modules/wowchemy-cms/v5 v5.0.0-20220325140950-3ee572954ab1/go.mod h1:Sp/AKo+2HAPi/IPHp1MEdKPmee+mzO5+efUBUPLPqPE=
github.com/wowchemy/wowchemy-hugo-modules/wowchemy/v5 v5.0.0-20220325140950-3ee572954ab1 h1:HnImqx8iQyu0WcC8wHFdGy4oNZqm7wOABGCG8NJ5lsM=
github.com/wowchemy/wowchemy-hugo-modules/wowchemy/v5 v5.0.0-20220325140950-3ee572954ab1/go.mod h1:2iL9rdrUYyJXX2BeHKfK+QbqZlubCsaR60nQ87NRQTY=
